{
  "name": "cg-spec-metadata-collector",
  "version": "1.0.0",
  "lockfileVersion": 3,
  "requires": true,
  "packages": {
    "": {
      "name": "cg-spec-metadata-collector",
      "version": "1.0.0",
      "dependencies": {
        "web-features": "*"
      },
      "engines": {
        "node": ">=22",
        "npm": ">=9"
      }
    },
    "node_modules/web-features": {
      "version": "3.22.0",
      "resolved": "https://registry.npmjs.org/web-features/-/web-features-3.22.0.tgz",
      "integrity": "sha512-dXmJqCAF5031BA4Z8XMC41O6w4ZhKQ7zXFXeZoq71Rue4zD2l2xbzYvo71Pkh36tjKW02TuEzVOt4u4b/21Sxw==",
      "license": "Apache-2.0"
    }
  }
}
